// !$*UTF8*$!
{
	archiveVersion = 1;
	classes = {
	};
	objectVersion = 77;
	objects = {

/* Begin PBXBuildFile section */
		0A6F42172D3D6B9E004261E5 /* ImageCacheServiceTests.swift in Sources */ = {isa = PBXBuildFile; fileRef = 0A6F42162D3D6B9E004261E5 /* ImageCacheServiceTests.swift */; };
		0A6F42192D3D6BD2004261E5 /* MockNetworkService.swift in Sources */ = {isa = PBXBuildFile; fileRef = 0A6F42182D3D6BD1004261E5 /* MockNetworkService.swift */; };
		0A6F421B2D3D7C52004261E5 /* RecipesViewModelTests.swift in Sources */ = {isa = PBXBuildFile; fileRef = 0A6F421A2D3D7C52004261E5 /* RecipesViewModelTests.swift */; };
		0AB77CE42D3C05DD00BD7064 /* Preview Assets.xcassets in Resources */ = {isa = PBXBuildFile; fileRef = 0AB77CDA2D3C05DD00BD7064 /* Preview Assets.xcassets */; };
		0AB77CE52D3C05DD00BD7064 /* Assets.xcassets in Resources */ = {isa = PBXBuildFile; fileRef = 0AB77CE12D3C05DD00BD7064 /* Assets.xcassets */; };
		0AB77CE62D3C05DD00BD7064 /* RecipesView.swift in Sources */ = {isa = PBXBuildFile; fileRef = 0AB77CDD2D3C05DD00BD7064 /* RecipesView.swift */; };
		0AB77CE72D3C05DD00BD7064 /* RecipesViewModel.swift in Sources */ = {isa = PBXBuildFile; fileRef = 0AB77CDE2D3C05DD00BD7064 /* RecipesViewModel.swift */; };
		0AB77CE82D3C05DD00BD7064 /* FetchRecipesApp.swift in Sources */ = {isa = PBXBuildFile; fileRef = 0AB77CE22D3C05DD00BD7064 /* FetchRecipesApp.swift */; };
		0AB77CEA2D3C061F00BD7064 /* Recipe.swift in Sources */ = {isa = PBXBuildFile; fileRef = 0AB77CE92D3C061F00BD7064 /* Recipe.swift */; };
		0AB77CED2D3C083D00BD7064 /* NetworkService.swift in Sources */ = {isa = PBXBuildFile; fileRef = 0AB77CEC2D3C083D00BD7064 /* NetworkService.swift */; };
		0AB77CEF2D3C0E0A00BD7064 /* ImageCacheService.swift in Sources */ = {isa = PBXBuildFile; fileRef = 0AB77CEE2D3C0E0A00BD7064 /* ImageCacheService.swift */; };
		0AB77CF32D3C1EE900BD7064 /* RecipeListView.swift in Sources */ = {isa = PBXBuildFile; fileRef = 0AB77CF22D3C1EE900BD7064 /* RecipeListView.swift */; };
		0AB77CF52D3C202200BD7064 /* RecipeRow.swift in Sources */ = {isa = PBXBuildFile; fileRef = 0AB77CF42D3C202200BD7064 /* RecipeRow.swift */; };
		0AB77CF72D3C313B00BD7064 /* RecipeLoadingView.swift in Sources */ = {isa = PBXBuildFile; fileRef = 0AB77CF62D3C313B00BD7064 /* RecipeLoadingView.swift */; };
		0AB77CFB2D3C3D8E00BD7064 /* RecipeErrorView.swift in Sources */ = {isa = PBXBuildFile; fileRef = 0AB77CFA2D3C3D8E00BD7064 /* RecipeErrorView.swift */; };
		0AB77CFE2D3C743700BD7064 /* NetworkServiceTests.swift in Sources */ = {isa = PBXBuildFile; fileRef = 0AB77CFC2D3C743700BD7064 /* NetworkServiceTests.swift */; };
		0AB77D002D3D59EF00BD7064 /* MockURLProtocol.swift in Sources */ = {isa = PBXBuildFile; fileRef = 0AB77CFF2D3D59EF00BD7064 /* MockURLProtocol.swift */; };
		0AB77D032D3D5E8100BD7064 /* MockResponse.swift in Sources */ = {isa = PBXBuildFile; fileRef = 0AB77D022D3D5E8100BD7064 /* MockResponse.swift */; };
/* End PBXBuildFile section */

/* Begin PBXContainerItemProxy section */
		0AB77CB52D3C02B500BD7064 /* PBXContainerItemProxy */ = {
			isa = PBXContainerItemProxy;
			containerPortal = 0AB77C9C2D3C02B500BD7064 /* Project object */;
			proxyType = 1;
			remoteGlobalIDString = 0AB77CA32D3C02B500BD7064;
			remoteInfo = FetchRecipes;
		};
/* End PBXContainerItemProxy section */

/* Begin PBXFileReference section */
		0A6F42162D3D6B9E004261E5 /* ImageCacheServiceTests.swift */ = {isa = PBXFileReference; lastKnownFileType = sourcecode.swift; path = ImageCacheServiceTests.swift; sourceTree = "<group>"; };
		0A6F42182D3D6BD1004261E5 /* MockNetworkService.swift */ = {isa = PBXFileReference; lastKnownFileType = sourcecode.swift; path = MockNetworkService.swift; sourceTree = "<group>"; };
		0A6F421A2D3D7C52004261E5 /* RecipesViewModelTests.swift */ = {isa = PBXFileReference; lastKnownFileType = sourcecode.swift; path = RecipesViewModelTests.swift; sourceTree = "<group>"; };
		0A6F421E2D3D8C07004261E5 /* Info.plist */ = {isa = PBXFileReference; lastKnownFileType = text.plist; path = Info.plist; sourceTree = "<group>"; };
		0AB77CA42D3C02B500BD7064 /* FetchRecipes.app */ = {isa = PBXFileReference; explicitFileType = wrapper.application; includeInIndex = 0; path = FetchRecipes.app; sourceTree = BUILT_PRODUCTS_DIR; };
		0AB77CB42D3C02B500BD7064 /* FetchRecipesTests.xctest */ = {isa = PBXFileReference; explicitFileType = wrapper.cfbundle; includeInIndex = 0; path = FetchRecipesTests.xctest; sourceTree = BUILT_PRODUCTS_DIR; };
		0AB77CDA2D3C05DD00BD7064 /* Preview Assets.xcassets */ = {isa = PBXFileReference; lastKnownFileType = folder.assetcatalog; path = "Preview Assets.xcassets"; sourceTree = "<group>"; };
		0AB77CDD2D3C05DD00BD7064 /* RecipesView.swift */ = {isa = PBXFileReference; lastKnownFileType = sourcecode.swift; path = RecipesView.swift; sourceTree = "<group>"; };
		0AB77CDE2D3C05DD00BD7064 /* RecipesViewModel.swift */ = {isa = PBXFileReference; lastKnownFileType = sourcecode.swift; path = RecipesViewModel.swift; sourceTree = "<group>"; };
		0AB77CE12D3C05DD00BD7064 /* Assets.xcassets */ = {isa = PBXFileReference; lastKnownFileType = folder.assetcatalog; path = Assets.xcassets; sourceTree = "<group>"; };
		0AB77CE22D3C05DD00BD7064 /* FetchRecipesApp.swift */ = {isa = PBXFileReference; lastKnownFileType = sourcecode.swift; path = FetchRecipesApp.swift; sourceTree = "<group>"; };
		0AB77CE92D3C061F00BD7064 /* Recipe.swift */ = {isa = PBXFileReference; lastKnownFileType = sourcecode.swift; path = Recipe.swift; sourceTree = "<group>"; };
		0AB77CEC2D3C083D00BD7064 /* NetworkService.swift */ = {isa = PBXFileReference; lastKnownFileType = sourcecode.swift; path = NetworkService.swift; sourceTree = "<group>"; };
		0AB77CEE2D3C0E0A00BD7064 /* ImageCacheService.swift */ = {isa = PBXFileReference; lastKnownFileType = sourcecode.swift; path = ImageCacheService.swift; sourceTree = "<group>"; };
		0AB77CF22D3C1EE900BD7064 /* RecipeListView.swift */ = {isa = PBXFileReference; lastKnownFileType = sourcecode.swift; path = RecipeListView.swift; sourceTree = "<group>"; };
		0AB77CF42D3C202200BD7064 /* RecipeRow.swift */ = {isa = PBXFileReference; lastKnownFileType = sourcecode.swift; path = RecipeRow.swift; sourceTree = "<group>"; };
		0AB77CF62D3C313B00BD7064 /* RecipeLoadingView.swift */ = {isa = PBXFileReference; lastKnownFileType = sourcecode.swift; path = RecipeLoadingView.swift; sourceTree = "<group>"; };
		0AB77CFA2D3C3D8E00BD7064 /* RecipeErrorView.swift */ = {isa = PBXFileReference; lastKnownFileType = sourcecode.swift; path = RecipeErrorView.swift; sourceTree = "<group>"; };
		0AB77CFC2D3C743700BD7064 /* NetworkServiceTests.swift */ = {isa = PBXFileReference; lastKnownFileType = sourcecode.swift; path = NetworkServiceTests.swift; sourceTree = "<group>"; };
		0AB77CFF2D3D59EF00BD7064 /* MockURLProtocol.swift */ = {isa = PBXFileReference; lastKnownFileType = sourcecode.swift; path = MockURLProtocol.swift; sourceTree = "<group>"; };
		0AB77D022D3D5E8100BD7064 /* MockResponse.swift */ = {isa = PBXFileReference; lastKnownFileType = sourcecode.swift; path = MockResponse.swift; sourceTree = "<group>"; };
/* End PBXFileReference section */

/* Begin PBXFrameworksBuildPhase section */
		0AB77CA12D3C02B500BD7064 /* Frameworks */ = {
			isa = PBXFrameworksBuildPhase;
			buildActionMask = 2147483647;
			files = (
			);
			runOnlyForDeploymentPostprocessing = 0;
		};
		0AB77CB12D3C02B500BD7064 /* Frameworks */ = {
			isa = PBXFrameworksBuildPhase;
			buildActionMask = 2147483647;
			files = (
			);
			runOnlyForDeploymentPostprocessing = 0;
		};
/* End PBXFrameworksBuildPhase section */

/* Begin PBXGroup section */
		0AB77C9B2D3C02B500BD7064 = {
			isa = PBXGroup;
			children = (
				0AB77CE32D3C05DD00BD7064 /* FetchRecipes */,
				0AB77CFD2D3C743700BD7064 /* FetchRecipesTests */,
				0AB77CA52D3C02B500BD7064 /* Products */,
			);
			sourceTree = "<group>";
		};
		0AB77CA52D3C02B500BD7064 /* Products */ = {
			isa = PBXGroup;
			children = (
				0AB77CA42D3C02B500BD7064 /* FetchRecipes.app */,
				0AB77CB42D3C02B500BD7064 /* FetchRecipesTests.xctest */,
			);
			name = Products;
			sourceTree = "<group>";
		};
		0AB77CD92D3C05DD00BD7064 /* Model */ = {
			isa = PBXGroup;
			children = (
				0AB77CE92D3C061F00BD7064 /* Recipe.swift */,
			);
			path = Model;
			sourceTree = "<group>";
		};
		0AB77CDB2D3C05DD00BD7064 /* Preview Content */ = {
			isa = PBXGroup;
			children = (
				0AB77CDA2D3C05DD00BD7064 /* Preview Assets.xcassets */,
			);
			path = "Preview Content";
			sourceTree = "<group>";
		};
		0AB77CDF2D3C05DD00BD7064 /* View */ = {
			isa = PBXGroup;
			children = (
				0AB77CDD2D3C05DD00BD7064 /* RecipesView.swift */,
				0AB77CF22D3C1EE900BD7064 /* RecipeListView.swift */,
				0AB77CF42D3C202200BD7064 /* RecipeRow.swift */,
				0AB77CF62D3C313B00BD7064 /* RecipeLoadingView.swift */,
				0AB77CFA2D3C3D8E00BD7064 /* RecipeErrorView.swift */,
			);
			path = View;
			sourceTree = "<group>";
		};
		0AB77CE02D3C05DD00BD7064 /* View Model */ = {
			isa = PBXGroup;
			children = (
				0AB77CDE2D3C05DD00BD7064 /* RecipesViewModel.swift */,
			);
			path = "View Model";
			sourceTree = "<group>";
		};
		0AB77CE32D3C05DD00BD7064 /* FetchRecipes */ = {
			isa = PBXGroup;
			children = (
				0A6F421E2D3D8C07004261E5 /* Info.plist */,
				0AB77CDB2D3C05DD00BD7064 /* Preview Content */,
				0AB77CDF2D3C05DD00BD7064 /* View */,
				0AB77CE02D3C05DD00BD7064 /* View Model */,
				0AB77CD92D3C05DD00BD7064 /* Model */,
				0AB77CEB2D3C081B00BD7064 /* Service */,
				0AB77CE12D3C05DD00BD7064 /* Assets.xcassets */,
				0AB77CE22D3C05DD00BD7064 /* FetchRecipesApp.swift */,
			);
			path = FetchRecipes;
			sourceTree = "<group>";
		};
		0AB77CEB2D3C081B00BD7064 /* Service */ = {
			isa = PBXGroup;
			children = (
				0AB77CEC2D3C083D00BD7064 /* NetworkService.swift */,
				0AB77CEE2D3C0E0A00BD7064 /* ImageCacheService.swift */,
			);
			path = Service;
			sourceTree = "<group>";
		};
		0AB77CFD2D3C743700BD7064 /* FetchRecipesTests */ = {
			isa = PBXGroup;
			children = (
				0AB77CFC2D3C743700BD7064 /* NetworkServiceTests.swift */,
				0A6F42162D3D6B9E004261E5 /* ImageCacheServiceTests.swift */,
				0A6F421A2D3D7C52004261E5 /* RecipesViewModelTests.swift */,
				0AB77D012D3D59F300BD7064 /* Mock */,
			);
			path = FetchRecipesTests;
			sourceTree = "<group>";
		};
		0AB77D012D3D59F300BD7064 /* Mock */ = {
			isa = PBXGroup;
			children = (
				0AB77CFF2D3D59EF00BD7064 /* MockURLProtocol.swift */,
				0AB77D022D3D5E8100BD7064 /* MockResponse.swift */,
				0A6F42182D3D6BD1004261E5 /* MockNetworkService.swift */,
			);
			path = Mock;
			sourceTree = "<group>";
		};
/* End PBXGroup section */

/* Begin PBXNativeTarget section */
		0AB77CA32D3C02B500BD7064 /* FetchRecipes */ = {
			isa = PBXNativeTarget;
			buildConfigurationList = 0AB77CC82D3C02B600BD7064 /* Build configuration list for PBXNativeTarget "FetchRecipes" */;
			buildPhases = (
				0AB77CA02D3C02B500BD7064 /* Sources */,
				0AB77CA12D3C02B500BD7064 /* Frameworks */,
				0AB77CA22D3C02B500BD7064 /* Resources */,
			);
			buildRules = (
			);
			dependencies = (
			);
			name = FetchRecipes;
			packageProductDependencies = (
			);
			productName = FetchRecipes;
			productReference = 0AB77CA42D3C02B500BD7064 /* FetchRecipes.app */;
			productType = "com.apple.product-type.application";
		};
		0AB77CB32D3C02B500BD7064 /* FetchRecipesTests */ = {
			isa = PBXNativeTarget;
			buildConfigurationList = 0AB77CCB2D3C02B600BD7064 /* Build configuration list for PBXNativeTarget "FetchRecipesTests" */;
			buildPhases = (
				0AB77CB02D3C02B500BD7064 /* Sources */,
				0AB77CB12D3C02B500BD7064 /* Frameworks */,
				0AB77CB22D3C02B500BD7064 /* Resources */,
			);
			buildRules = (
			);
			dependencies = (
				0AB77CB62D3C02B500BD7064 /* PBXTargetDependency */,
			);
			name = FetchRecipesTests;
			packageProductDependencies = (
			);
			productName = FetchRecipesTests;
			productReference = 0AB77CB42D3C02B500BD7064 /* FetchRecipesTests.xctest */;
			productType = "com.apple.product-type.bundle.unit-test";
		};
/* End PBXNativeTarget section */

/* Begin PBXProject section */
		0AB77C9C2D3C02B500BD7064 /* Project object */ = {
			isa = PBXProject;
			attributes = {
				BuildIndependentTargetsInParallel = 1;
				LastSwiftUpdateCheck = 1620;
				LastUpgradeCheck = 1620;
				TargetAttributes = {
					0AB77CA32D3C02B500BD7064 = {
						CreatedOnToolsVersion = 16.2;
					};
					0AB77CB32D3C02B500BD7064 = {
						CreatedOnToolsVersion = 16.2;
						TestTargetID = 0AB77CA32D3C02B500BD7064;
					};
				};
			};
			buildConfigurationList = 0AB77C9F2D3C02B500BD7064 /* Build configuration list for PBXProject "FetchRecipes" */;
			developmentRegion = en;
			hasScannedForEncodings = 0;
			knownRegions = (
				en,
				Base,
			);
			mainGroup = 0AB77C9B2D3C02B500BD7064;
			minimizedProjectReferenceProxies = 1;
			preferredProjectObjectVersion = 77;
			productRefGroup = 0AB77CA52D3C02B500BD7064 /* Products */;
			projectDirPath = "";
			projectRoot = "";
			targets = (
				0AB77CA32D3C02B500BD7064 /* FetchRecipes */,
				0AB77CB32D3C02B500BD7064 /* FetchRecipesTests */,
			);
		};
/* End PBXProject section */

/* Begin PBXResourcesBuildPhase section */
		0AB77CA22D3C02B500BD7064 /* Resources */ = {
			isa = PBXResourcesBuildPhase;
			buildActionMask = 2147483647;
			files = (
				0AB77CE42D3C05DD00BD7064 /* Preview Assets.xcassets in Resources */,
				0AB77CE52D3C05DD00BD7064 /* Assets.xcassets in Resources */,
			);
			runOnlyForDeploymentPostprocessing = 0;
		};
		0AB77CB22D3C02B500BD7064 /* Resources */ = {
			isa = PBXResourcesBuildPhase;
			buildActionMask = 2147483647;
			files = (
			);
			runOnlyForDeploymentPostprocessing = 0;
		};
/* End PBXResourcesBuildPhase section */

/* Begin PBXSourcesBuildPhase section */
		0AB77CA02D3C02B500BD7064 /* Sources */ = {
			isa = PBXSourcesBuildPhase;
			buildActionMask = 2147483647;
			files = (
				0AB77CED2D3C083D00BD7064 /* NetworkService.swift in Sources */,
				0AB77CF72D3C313B00BD7064 /* RecipeLoadingView.swift in Sources */,
				0AB77CE62D3C05DD00BD7064 /* RecipesView.swift in Sources */,
				0AB77CF52D3C202200BD7064 /* RecipeRow.swift in Sources */,
				0AB77CE72D3C05DD00BD7064 /* RecipesViewModel.swift in Sources */,
				0AB77CFB2D3C3D8E00BD7064 /* RecipeErrorView.swift in Sources */,
				0AB77CE82D3C05DD00BD7064 /* FetchRecipesApp.swift in Sources */,
				0AB77CEF2D3C0E0A00BD7064 /* ImageCacheService.swift in Sources */,
				0AB77CF32D3C1EE900BD7064 /* RecipeListView.swift in Sources */,
				0AB77CEA2D3C061F00BD7064 /* Recipe.swift in Sources */,
			);
			runOnlyForDeploymentPostprocessing = 0;
		};
		0AB77CB02D3C02B500BD7064 /* Sources */ = {
			isa = PBXSourcesBuildPhase;
			buildActionMask = 2147483647;
			files = (
				0AB77D032D3D5E8100BD7064 /* MockResponse.swift in Sources */,
				0AB77D002D3D59EF00BD7064 /* MockURLProtocol.swift in Sources */,
				0A6F421B2D3D7C52004261E5 /* RecipesViewModelTests.swift in Sources */,
				0A6F42172D3D6B9E004261E5 /* ImageCacheServiceTests.swift in Sources */,
				0AB77CFE2D3C743700BD7064 /* NetworkServiceTests.swift in Sources */,
				0A6F42192D3D6BD2004261E5 /* MockNetworkService.swift in Sources */,
			);
			runOnlyForDeploymentPostprocessing = 0;
		};
/* End PBXSourcesBuildPhase section */

/* Begin PBXTargetDependency section */
		0AB77CB62D3C02B500BD7064 /* PBXTargetDependency */ = {
			isa = PBXTargetDependency;
			target = 0AB77CA32D3C02B500BD7064 /* FetchRecipes */;
			targetProxy = 0AB77CB52D3C02B500BD7064 /* PBXContainerItemProxy */;
		};
/* End PBXTargetDependency section */

/* Begin XCBuildConfiguration section */
		0AB77CC62D3C02B600BD7064 /* Debug */ = {
			isa = XCBuildConfiguration;
			buildSettings = {
				ALWAYS_SEARCH_USER_PATHS = NO;
				ASSETCATALOG_COMPILER_GENERATE_SWIFT_ASSET_SYMBOL_EXTENSIONS = YES;
				CLANG_ANALYZER_NONNULL = YES;
				CLANG_ANALYZER_NUMBER_OBJECT_CONVERSION = YES_AGGRESSIVE;
				CLANG_CXX_LANGUAGE_STANDARD = "gnu++20";
				CLANG_ENABLE_MODULES = YES;
				CLANG_ENABLE_OBJC_ARC = YES;
				CLANG_ENABLE_OBJC_WEAK = YES;
				CLANG_WARN_BLOCK_CAPTURE_AUTORELEASING = YES;
				CLANG_WARN_BOOL_CONVERSION = YES;
				CLANG_WARN_COMMA = YES;
				CLANG_WARN_CONSTANT_CONVERSION = YES;
				CLANG_WARN_DEPRECATED_OBJC_IMPLEMENTATIONS = YES;
				CLANG_WARN_DIRECT_OBJC_ISA_USAGE = YES_ERROR;
				CLANG_WARN_DOCUMENTATION_COMMENTS = YES;
				CLANG_WARN_EMPTY_BODY = YES;
				CLANG_WARN_ENUM_CONVERSION = YES;
				CLANG_WARN_INFINITE_RECURSION = YES;
				CLANG_WARN_INT_CONVERSION = YES;
				CLANG_WARN_NON_LITERAL_NULL_CONVERSION = YES;
				CLANG_WARN_OBJC_IMPLICIT_RETAIN_SELF = YES;
				CLANG_WARN_OBJC_LITERAL_CONVERSION = YES;
				CLANG_WARN_OBJC_ROOT_CLASS = YES_ERROR;
				CLANG_WARN_QUOTED_INCLUDE_IN_FRAMEWORK_HEADER = YES;
				CLANG_WARN_RANGE_LOOP_ANALYSIS = YES;
				CLANG_WARN_STRICT_PROTOTYPES = YES;
				CLANG_WARN_SUSPICIOUS_MOVE = YES;
				CLANG_WARN_UNGUARDED_AVAILABILITY = YES_AGGRESSIVE;
				CLANG_WARN_UNREACHABLE_CODE = YES;
				CLANG_WARN__DUPLICATE_METHOD_MATCH = YES;
				COPY_PHASE_STRIP = NO;
				DEBUG_INFORMATION_FORMAT = dwarf;
				ENABLE_STRICT_OBJC_MSGSEND = YES;
				ENABLE_TESTABILITY = YES;
				ENABLE_USER_SCRIPT_SANDBOXING = YES;
				GCC_C_LANGUAGE_STANDARD = gnu17;
				GCC_DYNAMIC_NO_PIC = NO;
				GCC_NO_COMMON_BLOCKS = YES;
				GCC_OPTIMIZATION_LEVEL = 0;
				GCC_PREPROCESSOR_DEFINITIONS = (
					"DEBUG=1",
					"$(inherited)",
				);
				GCC_WARN_64_TO_32_BIT_CONVERSION = YES;
				GCC_WARN_ABOUT_RETURN_TYPE = YES_ERROR;
				GCC_WARN_UNDECLARED_SELECTOR = YES;
				GCC_WARN_UNINITIALIZED_AUTOS = YES_AGGRESSIVE;
				GCC_WARN_UNUSED_FUNCTION = YES;
				GCC_WARN_UNUSED_VARIABLE = YES;
				IPHONEOS_DEPLOYMENT_TARGET = 18.2;
				LOCALIZATION_PREFERS_STRING_CATALOGS = YES;
				MTL_ENABLE_DEBUG_INFO = INCLUDE_SOURCE;
				MTL_FAST_MATH = YES;
				ONLY_ACTIVE_ARCH = YES;
				SDKROOT = iphoneos;
				SWIFT_ACTIVE_COMPILATION_CONDITIONS = "DEBUG $(inherited)";
				SWIFT_OPTIMIZATION_LEVEL = "-Onone";
			};
			name = Debug;
		};
		0AB77CC72D3C02B600BD7064 /* Release */ = {
			isa = XCBuildConfiguration;
			buildSettings = {
				ALWAYS_SEARCH_USER_PATHS = NO;
				ASSETCATALOG_COMPILER_GENERATE_SWIFT_ASSET_SYMBOL_EXTENSIONS = YES;
				CLANG_ANALYZER_NONNULL = YES;
				CLANG_ANALYZER_NUMBER_OBJECT_CONVERSION = YES_AGGRESSIVE;
				CLANG_CXX_LANGUAGE_STANDARD = "gnu++20";
				CLANG_ENABLE_MODULES = YES;
				CLANG_ENABLE_OBJC_ARC = YES;
				CLANG_ENABLE_OBJC_WEAK = YES;
				CLANG_WARN_BLOCK_CAPTURE_AUTORELEASING = YES;
				CLANG_WARN_BOOL_CONVERSION = YES;
				CLANG_WARN_COMMA = YES;
				CLANG_WARN_CONSTANT_CONVERSION = YES;
				CLANG_WARN_DEPRECATED_OBJC_IMPLEMENTATIONS = YES;
				CLANG_WARN_DIRECT_OBJC_ISA_USAGE = YES_ERROR;
				CLANG_WARN_DOCUMENTATION_COMMENTS = YES;
				CLANG_WARN_EMPTY_BODY = YES;
				CLANG_WARN_ENUM_CONVERSION = YES;
				CLANG_WARN_INFINITE_RECURSION = YES;
				CLANG_WARN_INT_CONVERSION = YES;
				CLANG_WARN_NON_LITERAL_NULL_CONVERSION = YES;
				CLANG_WARN_OBJC_IMPLICIT_RETAIN_SELF = YES;
				CLANG_WARN_OBJC_LITERAL_CONVERSION = YES;
				CLANG_WARN_OBJC_ROOT_CLASS = YES_ERROR;
				CLANG_WARN_QUOTED_INCLUDE_IN_FRAMEWORK_HEADER = YES;
				CLANG_WARN_RANGE_LOOP_ANALYSIS = YES;
				CLANG_WARN_STRICT_PROTOTYPES = YES;
				CLANG_WARN_SUSPICIOUS_MOVE = YES;
				CLANG_WARN_UNGUARDED_AVAILABILITY = YES_AGGRESSIVE;
				CLANG_WARN_UNREACHABLE_CODE = YES;
				CLANG_WARN__DUPLICATE_METHOD_MATCH = YES;
				COPY_PHASE_STRIP = NO;
				DEBUG_INFORMATION_FORMAT = "dwarf-with-dsym";
				ENABLE_NS_ASSERTIONS = NO;
				ENABLE_STRICT_OBJC_MSGSEND = YES;
				ENABLE_USER_SCRIPT_SANDBOXING = YES;
				GCC_C_LANGUAGE_STANDARD = gnu17;
				GCC_NO_COMMON_BLOCKS = YES;
				GCC_WARN_64_TO_32_BIT_CONVERSION = YES;
				GCC_WARN_ABOUT_RETURN_TYPE = YES_ERROR;
				GCC_WARN_UNDECLARED_SELECTOR = YES;
				GCC_WARN_UNINITIALIZED_AUTOS = YES_AGGRESSIVE;
				GCC_WARN_UNUSED_FUNCTION = YES;
				GCC_WARN_UNUSED_VARIABLE = YES;
				IPHONEOS_DEPLOYMENT_TARGET = 18.2;
				LOCALIZATION_PREFERS_STRING_CATALOGS = YES;
				MTL_ENABLE_DEBUG_INFO = NO;
				MTL_FAST_MATH = YES;
				SDKROOT = iphoneos;
				SWIFT_COMPILATION_MODE = wholemodule;
				VALIDATE_PRODUCT = YES;
			};
			name = Release;
		};
		0AB77CC92D3C02B600BD7064 /* Debug */ = {
			isa = XCBuildConfiguration;
			buildSettings = {
				ASSETCATALOG_COMPILER_APPICON_NAME = AppIcon;
				ASSETCATALOG_COMPILER_GLOBAL_ACCENT_COLOR_NAME = AccentColor;
				CODE_SIGN_STYLE = Automatic;
				CURRENT_PROJECT_VERSION = 1;
				DEVELOPMENT_ASSET_PATHS = "\"FetchRecipes/Preview Content\"";
				DEVELOPMENT_TEAM = S7BT87895F;
				ENABLE_PREVIEWS = YES;
				GENERATE_INFOPLIST_FILE = YES;
				INFOPLIST_FILE = FetchRecipes/Info.plist;
				INFOPLIST_KEY_UIApplicationSceneManifest_Generation = YES;
				INFOPLIST_KEY_UIApplicationSupportsIndirectInputEvents = YES;
				INFOPLIST_KEY_UILaunchScreen_Generation = YES;
				INFOPLIST_KEY_UISupportedInterfaceOrientations_iPad = "UIInterfaceOrientationPortrait UIInterfaceOrientationPortraitUpsideDown UIInterfaceOrientationLandscapeLeft UIInterfaceOrientationLandscapeRight";
				INFOPLIST_KEY_UISupportedInterfaceOrientations_iPhone = "UIInterfaceOrientationPortrait UIInterfaceOrientationLandscapeLeft UIInterfaceOrientationLandscapeRight";
				IPHONEOS_DEPLOYMENT_TARGET = 17.0;
				LD_RUNPATH_SEARCH_PATHS = (
					"$(inherited)",
					"@executable_path/Frameworks",
				);
				MARKETING_VERSION = 1.0;
				PRODUCT_BUNDLE_IDENTIFIER = com.sideapps.FetchRecipes;
				PRODUCT_NAME = "$(TARGET_NAME)";
				SWIFT_EMIT_LOC_STRINGS = YES;
				SWIFT_VERSION = 5.0;
				TARGETED_DEVICE_FAMILY = "1,2";
			};
			name = Debug;
		};
		0AB77CCA2D3C02B600BD7064 /* Release */ = {
			isa = XCBuildConfiguration;
			buildSettings = {
				ASSETCATALOG_COMPILER_APPICON_NAME = AppIcon;
				ASSETCATALOG_COMPILER_GLOBAL_ACCENT_COLOR_NAME = AccentColor;
				CODE_SIGN_STYLE = Automatic;
				CURRENT_PROJECT_VERSION = 1;
				DEVELOPMENT_ASSET_PATHS = "\"FetchRecipes/Preview Content\"";
				DEVELOPMENT_TEAM = S7BT87895F;
				ENABLE_PREVIEWS = YES;
				GENERATE_INFOPLIST_FILE = YES;
				INFOPLIST_FILE = FetchRecipes/Info.plist;
				INFOPLIST_KEY_UIApplicationSceneManifest_Generation = YES;
				INFOPLIST_KEY_UIApplicationSupportsIndirectInputEvents = YES;
				INFOPLIST_KEY_UILaunchScreen_Generation = YES;
				INFOPLIST_KEY_UISupportedInterfaceOrientations_iPad = "UIInterfaceOrientationPortrait UIInterfaceOrientationPortraitUpsideDown UIInterfaceOrientationLandscapeLeft UIInterfaceOrientationLandscapeRight";
				INFOPLIST_KEY_UISupportedInterfaceOrientations_iPhone = "UIInterfaceOrientationPortrait UIInterfaceOrientationLandscapeLeft UIInterfaceOrientationLandscapeRight";
				IPHONEOS_DEPLOYMENT_TARGET = 17.0;
				LD_RUNPATH_SEARCH_PATHS = (
					"$(inherited)",
					"@executable_path/Frameworks",
				);
				MARKETING_VERSION = 1.0;
				PRODUCT_BUNDLE_IDENTIFIER = com.sideapps.FetchRecipes;
				PRODUCT_NAME = "$(TARGET_NAME)";
				SWIFT_EMIT_LOC_STRINGS = YES;
				SWIFT_VERSION = 5.0;
				TARGETED_DEVICE_FAMILY = "1,2";
			};
			name = Release;
		};
		0AB77CCC2D3C02B600BD7064 /* Debug */ = {
			isa = XCBuildConfiguration;
			buildSettings = {
				BUNDLE_LOADER = "$(TEST_HOST)";
				CODE_SIGN_STYLE = Automatic;
				CURRENT_PROJECT_VERSION = 1;
				DEVELOPMENT_TEAM = S7BT87895F;
				GENERATE_INFOPLIST_FILE = YES;
				IPHONEOS_DEPLOYMENT_TARGET = 17.0;
				MARKETING_VERSION = 1.0;
				PRODUCT_BUNDLE_IDENTIFIER = com.sideapps.FetchRecipesTests;
				PRODUCT_NAME = "$(TARGET_NAME)";
				SWIFT_EMIT_LOC_STRINGS = NO;
				SWIFT_VERSION = 5.0;
				TARGETED_DEVICE_FAMILY = "1,2";
				TEST_HOST = "$(BUILT_PRODUCTS_DIR)/FetchRecipes.app/$(BUNDLE_EXECUTABLE_FOLDER_PATH)/FetchRecipes";
			};
			name = Debug;
		};
		0AB77CCD2D3C02B600BD7064 /* Release */ = {
			isa = XCBuildConfiguration;
			buildSettings = {
				BUNDLE_LOADER = "$(TEST_HOST)";
				CODE_SIGN_STYLE = Automatic;
				CURRENT_PROJECT_VERSION = 1;
				DEVELOPMENT_TEAM = S7BT87895F;
				GENERATE_INFOPLIST_FILE = YES;
				IPHONEOS_DEPLOYMENT_TARGET = 17.0;
				MARKETING_VERSION = 1.0;
				PRODUCT_BUNDLE_IDENTIFIER = com.sideapps.FetchRecipesTests;
				PRODUCT_NAME = "$(TARGET_NAME)";
				SWIFT_EMIT_LOC_STRINGS = NO;
				SWIFT_VERSION = 5.0;
				TARGETED_DEVICE_FAMILY = "1,2";
				TEST_HOST = "$(BUILT_PRODUCTS_DIR)/FetchRecipes.app/$(BUNDLE_EXECUTABLE_FOLDER_PATH)/FetchRecipes";
			};
			name = Release;
		};
/* End XCBuildConfiguration section */

/* Begin XCConfigurationList section */
		0AB77C9F2D3C02B500BD7064 /* Build configuration list for PBXProject "FetchRecipes" */ = {
			isa = XCConfigurationList;
			buildConfigurations = (
				0AB77CC62D3C02B600BD7064 /* Debug */,
				0AB77CC72D3C02B600BD7064 /* Release */,
			);
			defaultConfigurationIsVisible = 0;
			defaultConfigurationName = Release;
		};
		0AB77CC82D3C02B600BD7064 /* Build configuration list for PBXNativeTarget "FetchRecipes" */ = {
			isa = XCConfigurationList;
			buildConfigurations = (
				0AB77CC92D3C02B600BD7064 /* Debug */,
				0AB77CCA2D3C02B600BD7064 /* Release */,
			);
			defaultConfigurationIsVisible = 0;
			defaultConfigurationName = Release;
		};
		0AB77CCB2D3C02B600BD7064 /* Build configuration list for PBXNativeTarget "FetchRecipesTests" */ = {
			isa = XCConfigurationList;
			buildConfigurations = (
				0AB77CCC2D3C02B600BD7064 /* Debug */,
				0AB77CCD2D3C02B600BD7064 /* Release */,
			);
			defaultConfigurationIsVisible = 0;
			defaultConfigurationName = Release;
		};
/* End XCConfigurationList section */
	};
	rootObject = 0AB77C9C2D3C02B500BD7064 /* Project object */;
}
